
Microsoft Visual Studio Solution File, Format Version 11.00
# Visual Studio 2010
Project("{FAE04EC0-301F-11D3-BF4B-00C04F79EFBC}") = "Assembly-CSharp", "Assembly-CSharp.csproj", "{b875d998-9d8b-a356-ccec-7e50036561df}"
EndProject
Project("{FAE04EC0-301F-11D3-BF4B-00C04F79EFBC}") = "Assembly-CSharp-Editor", "Assembly-CSharp-Editor.csproj", "{f697ddf1-3317-c175-d01f-eb5da77de224}"
EndProject
Global
	GlobalSection(SolutionConfigurationPlatforms) = preSolution
		Debug|Any CPU = Debug|Any CPU
	EndGlobalSection
	GlobalSection(ProjectConfigurationPlatforms) = postSolution
		{b875d998-9d8b-a356-ccec-7e50036561df}.Debug|Any CPU.ActiveCfg = Debug|Any CPU
		{b875d998-9d8b-a356-ccec-7e50036561df}.Debug|Any CPU.Build.0 = Debug|Any CPU
		{f697ddf1-3317-c175-d01f-eb5da77de224}.Debug|Any CPU.ActiveCfg = Debug|Any CPU
		{f697ddf1-3317-c175-d01f-eb5da77de224}.Debug|Any CPU.Build.0 = Debug|Any CPU
	EndGlobalSection
	GlobalSection(SolutionProperties) = preSolution
		HideSolutionNode = FALSE
	EndGlobalSection
EndGlobal
